
Microsoft Visual Studio Solution File, Format Version 12.00
# Visual Studio Version 17
VisualStudioVersion = 17.0.31903.59
MinimumVisualStudioVersion = 10.0.40219.1
Project("{FAE04EC0-301F-11D3-BF4B-00C04F79EFBC}") = "RulesEnginePoC", "RulesEnginePoC\RulesEnginePoC.csproj", "{BB2250C4-588C-4E52-B3DC-39C9BCEF08D2}"
EndProject
Project("{FAE04EC0-301F-11D3-BF4B-00C04F79EFBC}") = "RulesEnginePoC.Tests", "RulesEnginePoC.Tests\RulesEnginePoC.Tests.csproj", "{78B40AC4-3319-4C09-849B-EE46DF4BEEF6}"
EndProject
Global
	GlobalSection(SolutionConfigurationPlatforms) = preSolution
		Debug|Any CPU = Debug|Any CPU
		Release|Any CPU = Release|Any CPU
	EndGlobalSection
	GlobalSection(SolutionProperties) = preSolution
		HideSolutionNode = FALSE
	EndGlobalSection
	GlobalSection(ProjectConfigurationPlatforms) = postSolution
		{BB2250C4-588C-4E52-B3DC-39C9BCEF08D2}.Debug|Any CPU.ActiveCfg = Debug|Any CPU
		{BB2250C4-588C-4E52-B3DC-39C9BCEF08D2}.Debug|Any CPU.Build.0 = Debug|Any CPU
		{BB2250C4-588C-4E52-B3DC-39C9BCEF08D2}.Release|Any CPU.ActiveCfg = Release|Any CPU
		{BB2250C4-588C-4E52-B3DC-39C9BCEF08D2}.Release|Any CPU.Build.0 = Release|Any CPU
		{78B40AC4-3319-4C09-849B-EE46DF4BEEF6}.Debug|Any CPU.ActiveCfg = Debug|Any CPU
		{78B40AC4-3319-4C09-849B-EE46DF4BEEF6}.Debug|Any CPU.Build.0 = Debug|Any CPU
		{78B40AC4-3319-4C09-849B-EE46DF4BEEF6}.Release|Any CPU.ActiveCfg = Release|Any CPU
		{78B40AC4-3319-4C09-849B-EE46DF4BEEF6}.Release|Any CPU.Build.0 = Release|Any CPU
	EndGlobalSection
EndGlobal
